
Microsoft Visual Studio Solution File, Format Version 12.00
# Visual Studio 15
VisualStudioVersion = 15.0.28307.1705
MinimumVisualStudioVersion = 10.0.40219.1
Project("{9A19103F-16F7-4668-BE54-9A1E7A4F7556}") = "EchoPlugin", "EchoPlugin\EchoPlugin.csproj", "{8227FB6C-4E27-4E54-BA44-F0715F3DEFD0}"
EndProject
Project("{9A19103F-16F7-4668-BE54-9A1E7A4F7556}") = "ClearPlugin", "ClearPlugin\ClearPlugin.csproj", "{5FA30B3F-D44D-48D1-A4A9-19664B6E7F63}"
EndProject
Project("{9A19103F-16F7-4668-BE54-9A1E7A4F7556}") = "PlugmanPlugin", "PlugmanPlugin\PlugmanPlugin.csproj", "{B1E4D250-3128-44F0-9F1E-31646795D221}"
EndProject
Project("{FAE04EC0-301F-11D3-BF4B-00C04F79EFBC}") = "MalwarePlugin", "MalwarePlugin\MalwarePlugin.csproj", "{A879190A-E30F-4DAB-856E-D8C599AE5CFB}"
EndProject
Global
	GlobalSection(SolutionConfigurationPlatforms) = preSolution
		Debug|Any CPU = Debug|Any CPU
		Release|Any CPU = Release|Any CPU
	EndGlobalSection
	GlobalSection(ProjectConfigurationPlatforms) = postSolution
		{8227FB6C-4E27-4E54-BA44-F0715F3DEFD0}.Debug|Any CPU.ActiveCfg = Debug|Any CPU
		{8227FB6C-4E27-4E54-BA44-F0715F3DEFD0}.Debug|Any CPU.Build.0 = Debug|Any CPU
		{8227FB6C-4E27-4E54-BA44-F0715F3DEFD0}.Release|Any CPU.ActiveCfg = Release|Any CPU
		{8227FB6C-4E27-4E54-BA44-F0715F3DEFD0}.Release|Any CPU.Build.0 = Release|Any CPU
		{5FA30B3F-D44D-48D1-A4A9-19664B6E7F63}.Debug|Any CPU.ActiveCfg = Debug|Any CPU
		{5FA30B3F-D44D-48D1-A4A9-19664B6E7F63}.Debug|Any CPU.Build.0 = Debug|Any CPU
		{5FA30B3F-D44D-48D1-A4A9-19664B6E7F63}.Release|Any CPU.ActiveCfg = Release|Any CPU
		{5FA30B3F-D44D-48D1-A4A9-19664B6E7F63}.Release|Any CPU.Build.0 = Release|Any CPU
		{B1E4D250-3128-44F0-9F1E-31646795D221}.Debug|Any CPU.ActiveCfg = Debug|Any CPU
		{B1E4D250-3128-44F0-9F1E-31646795D221}.Debug|Any CPU.Build.0 = Debug|Any CPU
		{B1E4D250-3128-44F0-9F1E-31646795D221}.Release|Any CPU.ActiveCfg = Release|Any CPU
		{B1E4D250-3128-44F0-9F1E-31646795D221}.Release|Any CPU.Build.0 = Release|Any CPU
		{A879190A-E30F-4DAB-856E-D8C599AE5CFB}.Debug|Any CPU.ActiveCfg = Debug|Any CPU
		{A879190A-E30F-4DAB-856E-D8C599AE5CFB}.Debug|Any CPU.Build.0 = Debug|Any CPU
		{A879190A-E30F-4DAB-856E-D8C599AE5CFB}.Release|Any CPU.ActiveCfg = Release|Any CPU
		{A879190A-E30F-4DAB-856E-D8C599AE5CFB}.Release|Any CPU.Build.0 = Release|Any CPU
	EndGlobalSection
	GlobalSection(SolutionProperties) = preSolution
		HideSolutionNode = FALSE
	EndGlobalSection
	GlobalSection(ExtensibilityGlobals) = postSolution
		SolutionGuid = {28121BAF-EC4F-4370-AF59-0EB1A96B460F}
	EndGlobalSection
EndGlobal
